
Microsoft Visual Studio Solution File, Format Version 12.00
# Visual Studio Version 16
VisualStudioVersion = 16.0.30320.27
MinimumVisualStudioVersion = 10.0.40219.1
Project("{FAE04EC0-301F-11D3-BF4B-00C04F79EFBC}") = "BasicConcepts", "BasicConcepts\BasicConcepts.csproj", "{66A9FC81-15D6-4F6E-91C6-EA8AAF382899}"
EndProject
Global
	GlobalSection(SolutionConfigurationPlatforms) = preSolution
		Debug|Any CPU = Debug|Any CPU
		Release|Any CPU = Release|Any CPU
	EndGlobalSection
	GlobalSection(ProjectConfigurationPlatforms) = postSolution
		{66A9FC81-15D6-4F6E-91C6-EA8AAF382899}.Debug|Any CPU.ActiveCfg = Debug|Any CPU
		{66A9FC81-15D6-4F6E-91C6-EA8AAF382899}.Debug|Any CPU.Build.0 = Debug|Any CPU
		{66A9FC81-15D6-4F6E-91C6-EA8AAF382899}.Release|Any CPU.ActiveCfg = Release|Any CPU
		{66A9FC81-15D6-4F6E-91C6-EA8AAF382899}.Release|Any CPU.Build.0 = Release|Any CPU
	EndGlobalSection
	GlobalSection(SolutionProperties) = preSolution
		HideSolutionNode = FALSE
	EndGlobalSection
	GlobalSection(ExtensibilityGlobals) = postSolution
		SolutionGuid = {471DE431-2D78-4FBB-A72B-3153E77F663B}
	EndGlobalSection
EndGlobal
